
Microsoft Visual Studio Solution File, Format Version 12.00
# Visual Studio Version 16
VisualStudioVersion = 16.0.32002.261
MinimumVisualStudioVersion = 10.0.40219.1
Project("{FAE04EC0-301F-11D3-BF4B-00C04F79EFBC}") = "DCE.PCF.Plugins", "DCE.PCF.Plugins\DCE.PCF.Plugins.csproj", "{2CD06E17-325D-4497-B619-D039C4AD94EA}"
EndProject
Global
	GlobalSection(SolutionConfigurationPlatforms) = preSolution
		Debug|Any CPU = Debug|Any CPU
		Release|Any CPU = Release|Any CPU
	EndGlobalSection
	GlobalSection(ProjectConfigurationPlatforms) = postSolution
		{2CD06E17-325D-4497-B619-D039C4AD94EA}.Debug|Any CPU.ActiveCfg = Debug|Any CPU
		{2CD06E17-325D-4497-B619-D039C4AD94EA}.Debug|Any CPU.Build.0 = Debug|Any CPU
		{2CD06E17-325D-4497-B619-D039C4AD94EA}.Release|Any CPU.ActiveCfg = Release|Any CPU
		{2CD06E17-325D-4497-B619-D039C4AD94EA}.Release|Any CPU.Build.0 = Release|Any CPU
	EndGlobalSection
	GlobalSection(SolutionProperties) = preSolution
		HideSolutionNode = FALSE
	EndGlobalSection
	GlobalSection(ExtensibilityGlobals) = postSolution
		SolutionGuid = {69C7D41A-9C33-46A9-AF66-C34D2F0EFFE4}
	EndGlobalSection
EndGlobal
